// !$*UTF8*$!
{
	archiveVersion = 1;
	classes = {
	};
	objectVersion = 46;
	objects = {

/* Begin PBXBuildFile section */
		83FF518C1ADD7A37007B2A99 /* AppDelegate.swift in Sources */ = {isa = PBXBuildFile; fileRef = 83FF518B1ADD7A37007B2A99 /* AppDelegate.swift */; };
		83FF518E1ADD7A37007B2A99 /* ViewController.swift in Sources */ = {isa = PBXBuildFile; fileRef = 83FF518D1ADD7A37007B2A99 /* ViewController.swift */; };
		83FF51911ADD7A37007B2A99 /* Main.storyboard in Resources */ = {isa = PBXBuildFile; fileRef = 83FF518F1ADD7A37007B2A99 /* Main.storyboard */; };
		83FF51931ADD7A37007B2A99 /* Images.xcassets in Resources */ = {isa = PBXBuildFile; fileRef = 83FF51921ADD7A37007B2A99 /* Images.xcassets */; };
		83FF51961ADD7A37007B2A99 /* LaunchScreen.xib in Resources */ = {isa = PBXBuildFile; fileRef = 83FF51941ADD7A37007B2A99 /* LaunchScreen.xib */; };
		83FF51A21ADD7A37007B2A99 /* CCastanedaProject1Tests.swift in Sources */ = {isa = PBXBuildFile; fileRef = 83FF51A11ADD7A37007B2A99 /* CCastanedaProject1Tests.swift */; };
/* End PBXBuildFile section */

/* Begin PBXContainerItemProxy section */
		83FF519C1ADD7A37007B2A99 /* PBXContainerItemProxy */ = {
			isa = PBXContainerItemProxy;
			containerPortal = 83FF517E1ADD7A37007B2A99 /* Project object */;
			proxyType = 1;
			remoteGlobalIDString = 83FF51851ADD7A37007B2A99;
			remoteInfo = CCastanedaProject1;
		};
/* End PBXContainerItemProxy section */

/* Begin PBXFileReference section */
		83FF51861ADD7A37007B2A99 /* CCastanedaProject1.app */ = {isa = PBXFileReference; explicitFileType = wrapper.application; includeInIndex = 0; path = CCastanedaProject1.app; sourceTree = BUILT_PRODUCTS_DIR; };
		83FF518A1ADD7A37007B2A99 /* Info.plist */ = {isa = PBXFileReference; lastKnownFileType = text.plist.xml; path = Info.plist; sourceTree = "<group>"; };
		83FF518B1ADD7A37007B2A99 /* AppDelegate.swift */ = {isa = PBXFileReference; lastKnownFileType = sourcecode.swift; path = AppDelegate.swift; sourceTree = "<group>"; };
		83FF518D1ADD7A37007B2A99 /* ViewController.swift */ = {isa = PBXFileReference; lastKnownFileType = sourcecode.swift; path = ViewController.swift; sourceTree = "<group>"; };
		83FF51901ADD7A37007B2A99 /* Base */ = {isa = PBXFileReference; lastKnownFileType = file.storyboard; name = Base; path = Base.lproj/Main.storyboard; sourceTree = "<group>"; };
		83FF51921ADD7A37007B2A99 /* Images.xcassets */ = {isa = PBXFileReference; lastKnownFileType = folder.assetcatalog; path = Images.xcassets; sourceTree = "<group>"; };
		83FF51951ADD7A37007B2A99 /* Base */ = {isa = PBXFileReference; lastKnownFileType = file.xib; name = Base; path = Base.lproj/LaunchScreen.xib; sourceTree = "<group>"; };
		83FF519B1ADD7A37007B2A99 /* CCastanedaProject1Tests.xctest */ = {isa = PBXFileReference; explicitFileType = wrapper.cfbundle; includeInIndex = 0; path = CCastanedaProject1Tests.xctest; sourceTree = BUILT_PRODUCTS_DIR; };
		83FF51A01ADD7A37007B2A99 /* Info.plist */ = {isa = PBXFileReference; lastKnownFileType = text.plist.xml; path = Info.plist; sourceTree = "<group>"; };
		83FF51A11ADD7A37007B2A99 /* CCastanedaProject1Tests.swift */ = {isa = PBXFileReference; lastKnownFileType = sourcecode.swift; path = CCastanedaProject1Tests.swift; sourceTree = "<group>"; };
/* End PBXFileReference section */

/* Begin PBXFrameworksBuildPhase section */
		83FF51831ADD7A37007B2A99 /* Frameworks */ = {
			isa = PBXFrameworksBuildPhase;
			buildActionMask = 2147483647;
			files = (
			);
			runOnlyForDeploymentPostprocessing = 0;
		};
		83FF51981ADD7A37007B2A99 /* Frameworks */ = {
			isa = PBXFrameworksBuildPhase;
			buildActionMask = 2147483647;
			files = (
			);
			runOnlyForDeploymentPostprocessing = 0;
		};
/* End PBXFrameworksBuildPhase section */

/* Begin PBXGroup section */
		83FF517D1ADD7A37007B2A99 = {
			isa = PBXGroup;
			children = (
				83FF51881ADD7A37007B2A99 /* CCastanedaProject1 */,
				83FF519E1ADD7A37007B2A99 /* CCastanedaProject1Tests */,
				83FF51871ADD7A37007B2A99 /* Products */,
			);
			sourceTree = "<group>";
		};
		83FF51871ADD7A37007B2A99 /* Products */ = {
			isa = PBXGroup;
			children = (
				83FF51861ADD7A37007B2A99 /* CCastanedaProject1.app */,
				83FF519B1ADD7A37007B2A99 /* CCastanedaProject1Tests.xctest */,
			);
			name = Products;
			sourceTree = "<group>";
		};
		83FF51881ADD7A37007B2A99 /* CCastanedaProject1 */ = {
			isa = PBXGroup;
			children = (
				83FF518B1ADD7A37007B2A99 /* AppDelegate.swift */,
				83FF518D1ADD7A37007B2A99 /* ViewController.swift */,
				83FF518F1ADD7A37007B2A99 /* Main.storyboard */,
				83FF51921ADD7A37007B2A99 /* Images.xcassets */,
				83FF51941ADD7A37007B2A99 /* LaunchScreen.xib */,
				83FF51891ADD7A37007B2A99 /* Supporting Files */,
			);
			path = CCastanedaProject1;
			sourceTree = "<group>";
		};
		83FF51891ADD7A37007B2A99 /* Supporting Files */ = {
			isa = PBXGroup;
			children = (
				83FF518A1ADD7A37007B2A99 /* Info.plist */,
			);
			name = "Supporting Files";
			sourceTree = "<group>";
		};
		83FF519E1ADD7A37007B2A99 /* CCastanedaProject1Tests */ = {
			isa = PBXGroup;
			children = (
				83FF51A11ADD7A37007B2A99 /* CCastanedaProject1Tests.swift */,
				83FF519F1ADD7A37007B2A99 /* Supporting Files */,
			);
			path = CCastanedaProject1Tests;
			sourceTree = "<group>";
		};
		83FF519F1ADD7A37007B2A99 /* Supporting Files */ = {
			isa = PBXGroup;
			children = (
				83FF51A01ADD7A37007B2A99 /* Info.plist */,
			);
			name = "Supporting Files";
			sourceTree = "<group>";
		};
/* End PBXGroup section */

/* Begin PBXNativeTarget section */
		83FF51851ADD7A37007B2A99 /* CCastanedaProject1 */ = {
			isa = PBXNativeTarget;
			buildConfigurationList = 83FF51A51ADD7A37007B2A99 /* Build configuration list for PBXNativeTarget "CCastanedaProject1" */;
			buildPhases = (
				83FF51821ADD7A37007B2A99 /* Sources */,
				83FF51831ADD7A37007B2A99 /* Frameworks */,
				83FF51841ADD7A37007B2A99 /* Resources */,
			);
			buildRules = (
			);
			dependencies = (
			);
			name = CCastanedaProject1;
			productName = CCastanedaProject1;
			productReference = 83FF51861ADD7A37007B2A99 /* CCastanedaProject1.app */;
			productType = "com.apple.product-type.application";
		};
		83FF519A1ADD7A37007B2A99 /* CCastanedaProject1Tests */ = {
			isa = PBXNativeTarget;
			buildConfigurationList = 83FF51A81ADD7A37007B2A99 /* Build configuration list for PBXNativeTarget "CCastanedaProject1Tests" */;
			buildPhases = (
				83FF51971ADD7A37007B2A99 /* Sources */,
				83FF51981ADD7A37007B2A99 /* Frameworks */,
				83FF51991ADD7A37007B2A99 /* Resources */,
			);
			buildRules = (
			);
			dependencies = (
				83FF519D1ADD7A37007B2A99 /* PBXTargetDependency */,
			);
			name = CCastanedaProject1Tests;
			productName = CCastanedaProject1Tests;
			productReference = 83FF519B1ADD7A37007B2A99 /* CCastanedaProject1Tests.xctest */;
			productType = "com.apple.product-type.bundle.unit-test";
		};
/* End PBXNativeTarget section */

/* Begin PBXProject section */
		83FF517E1ADD7A37007B2A99 /* Project object */ = {
			isa = PBXProject;
			attributes = {
				LastUpgradeCheck = 0630;
				ORGANIZATIONNAME = "Chris Castaneda";
				TargetAttributes = {
					83FF51851ADD7A37007B2A99 = {
						CreatedOnToolsVersion = 6.3;
					};
					83FF519A1ADD7A37007B2A99 = {
						CreatedOnToolsVersion = 6.3;
						TestTargetID = 83FF51851ADD7A37007B2A99;
					};
				};
			};
			buildConfigurationList = 83FF51811ADD7A37007B2A99 /* Build configuration list for PBXProject "CCastanedaProject1" */;
			compatibilityVersion = "Xcode 3.2";
			developmentRegion = English;
			hasScannedForEncodings = 0;
			knownRegions = (
				en,
				Base,
			);
			mainGroup = 83FF517D1ADD7A37007B2A99;
			productRefGroup = 83FF51871ADD7A37007B2A99 /* Products */;
			projectDirPath = "";
			projectRoot = "";
			targets = (
				83FF51851ADD7A37007B2A99 /* CCastanedaProject1 */,
				83FF519A1ADD7A37007B2A99 /* CCastanedaProject1Tests */,
			);
		};
/* End PBXProject section */

/* Begin PBXResourcesBuildPhase section */
		83FF51841ADD7A37007B2A99 /* Resources */ = {
			isa = PBXResourcesBuildPhase;
			buildActionMask = 2147483647;
			files = (
				83FF51911ADD7A37007B2A99 /* Main.storyboard in Resources */,
				83FF51961ADD7A37007B2A99 /* LaunchScreen.xib in Resources */,
				83FF51931ADD7A37007B2A99 /* Images.xcassets in Resources */,
			);
			runOnlyForDeploymentPostprocessing = 0;
		};
		83FF51991ADD7A37007B2A99 /* Resources */ = {
			isa = PBXResourcesBuildPhase;
			buildActionMask = 2147483647;
			files = (
			);
			runOnlyForDeploymentPostprocessing = 0;
		};
/* End PBXResourcesBuildPhase section */

/* Begin PBXSourcesBuildPhase section */
		83FF51821ADD7A37007B2A99 /* Sources */ = {
			isa = PBXSourcesBuildPhase;
			buildActionMask = 2147483647;
			files = (
				83FF518E1ADD7A37007B2A99 /* ViewController.swift in Sources */,
				83FF518C1ADD7A37007B2A99 /* AppDelegate.swift in Sources */,
			);
			runOnlyForDeploymentPostprocessing = 0;
		};
		83FF51971ADD7A37007B2A99 /* Sources */ = {
			isa = PBXSourcesBuildPhase;
			buildActionMask = 2147483647;
			files = (
				83FF51A21ADD7A37007B2A99 /* CCastanedaProject1Tests.swift in Sources */,
			);
			runOnlyForDeploymentPostprocessing = 0;
		};
/* End PBXSourcesBuildPhase section */

/* Begin PBXTargetDependency section */
		83FF519D1ADD7A37007B2A99 /* PBXTargetDependency */ = {
			isa = PBXTargetDependency;
			target = 83FF51851ADD7A37007B2A99 /* CCastanedaProject1 */;
			targetProxy = 83FF519C1ADD7A37007B2A99 /* PBXContainerItemProxy */;
		};
/* End PBXTargetDependency section */

/* Begin PBXVariantGroup section */
		83FF518F1ADD7A37007B2A99 /* Main.storyboard */ = {
			isa = PBXVariantGroup;
			children = (
				83FF51901ADD7A37007B2A99 /* Base */,
			);
			name = Main.storyboard;
			sourceTree = "<group>";
		};
		83FF51941ADD7A37007B2A99 /* LaunchScreen.xib */ = {
			isa = PBXVariantGroup;
			children = (
				83FF51951ADD7A37007B2A99 /* Base */,
			);
			name = LaunchScreen.xib;
			sourceTree = "<group>";
		};
/* End PBXVariantGroup section */

/* Begin XCBuildConfiguration section */
		83FF51A31ADD7A37007B2A99 /* Debug */ = {
			isa = XCBuildConfiguration;
			buildSettings = {
				ALWAYS_SEARCH_USER_PATHS = NO;
				CLANG_CXX_LANGUAGE_STANDARD = "gnu++0x";
				CLANG_CXX_LIBRARY = "libc++";
				CLANG_ENABLE_MODULES = YES;
				CLANG_ENABLE_OBJC_ARC = YES;
				CLANG_WARN_BOOL_CONVERSION = YES;
				CLANG_WARN_CONSTANT_CONVERSION = YES;
				CLANG_WARN_DIRECT_OBJC_ISA_USAGE = YES_ERROR;
				CLANG_WARN_EMPTY_BODY = YES;
				CLANG_WARN_ENUM_CONVERSION = YES;
				CLANG_WARN_INT_CONVERSION = YES;
				CLANG_WARN_OBJC_ROOT_CLASS = YES_ERROR;
				CLANG_WARN_UNREACHABLE_CODE = YES;
				CLANG_WARN__DUPLICATE_METHOD_MATCH = YES;
				"CODE_SIGN_IDENTITY[sdk=iphoneos*]" = "iPhone Developer";
				COPY_PHASE_STRIP = NO;
				DEBUG_INFORMATION_FORMAT = "dwarf-with-dsym";
				ENABLE_STRICT_OBJC_MSGSEND = YES;
				GCC_C_LANGUAGE_STANDARD = gnu99;
				GCC_DYNAMIC_NO_PIC = NO;
				GCC_NO_COMMON_BLOCKS = YES;
				GCC_OPTIMIZATION_LEVEL = 0;
				GCC_PREPROCESSOR_DEFINITIONS = (
					"DEBUG=1",
					"$(inherited)",
				);
				GCC_SYMBOLS_PRIVATE_EXTERN = NO;
				GCC_WARN_64_TO_32_BIT_CONVERSION = YES;
				GCC_WARN_ABOUT_RETURN_TYPE = YES_ERROR;
				GCC_WARN_UNDECLARED_SELECTOR = YES;
				GCC_WARN_UNINITIALIZED_AUTOS = YES_AGGRESSIVE;
				GCC_WARN_UNUSED_FUNCTION = YES;
				GCC_WARN_UNUSED_VARIABLE = YES;
				IPHONEOS_DEPLOYMENT_TARGET = 8.3;
				MTL_ENABLE_DEBUG_INFO = YES;
				ONLY_ACTIVE_ARCH = YES;
				SDKROOT = iphoneos;
				SWIFT_OPTIMIZATION_LEVEL = "-Onone";
			};
			name = Debug;
		};
		83FF51A41ADD7A37007B2A99 /* Release */ = {
			isa = XCBuildConfiguration;
			buildSettings = {
				ALWAYS_SEARCH_USER_PATHS = NO;
				CLANG_CXX_LANGUAGE_STANDARD = "gnu++0x";
				CLANG_CXX_LIBRARY = "libc++";
				CLANG_ENABLE_MODULES = YES;
				CLANG_ENABLE_OBJC_ARC = YES;
				CLANG_WARN_BOOL_CONVERSION = YES;
				CLANG_WARN_CONSTANT_CONVERSION = YES;
				CLANG_WARN_DIRECT_OBJC_ISA_USAGE = YES_ERROR;
				CLANG_WARN_EMPTY_BODY = YES;
				CLANG_WARN_ENUM_CONVERSION = YES;
				CLANG_WARN_INT_CONVERSION = YES;
				CLANG_WARN_OBJC_ROOT_CLASS = YES_ERROR;
				CLANG_WARN_UNREACHABLE_CODE = YES;
				CLANG_WARN__DUPLICATE_METHOD_MATCH = YES;
				"CODE_SIGN_IDENTITY[sdk=iphoneos*]" = "iPhone Developer";
				COPY_PHASE_STRIP = NO;
				DEBUG_INFORMATION_FORMAT = "dwarf-with-dsym";
				ENABLE_NS_ASSERTIONS = NO;
				ENABLE_STRICT_OBJC_MSGSEND = YES;
				GCC_C_LANGUAGE_STANDARD = gnu99;
				GCC_NO_COMMON_BLOCKS = YES;
				GCC_WARN_64_TO_32_BIT_CONVERSION = YES;
				GCC_WARN_ABOUT_RETURN_TYPE = YES_ERROR;
				GCC_WARN_UNDECLARED_SELECTOR = YES;
				GCC_WARN_UNINITIALIZED_AUTOS = YES_AGGRESSIVE;
				GCC_WARN_UNUSED_FUNCTION = YES;
				GCC_WARN_UNUSED_VARIABLE = YES;
				IPHONEOS_DEPLOYMENT_TARGET = 8.3;
				MTL_ENABLE_DEBUG_INFO = NO;
				SDKROOT = iphoneos;
				VALIDATE_PRODUCT = YES;
			};
			name = Release;
		};
		83FF51A61ADD7A37007B2A99 /* Debug */ = {
			isa = XCBuildConfiguration;
			buildSettings = {
				ASSETCATALOG_COMPILER_APPICON_NAME = AppIcon;
				INFOPLIST_FILE = CCastanedaProject1/Info.plist;
				LD_RUNPATH_SEARCH_PATHS = "$(inherited) @executable_path/Frameworks";
				PRODUCT_NAME = "$(TARGET_NAME)";
				TARGETED_DEVICE_FAMILY = "1,2";
			};
			name = Debug;
		};
		83FF51A71ADD7A37007B2A99 /* Release */ = {
			isa = XCBuildConfiguration;
			buildSettings = {
				ASSETCATALOG_COMPILER_APPICON_NAME = AppIcon;
				INFOPLIST_FILE = CCastanedaProject1/Info.plist;
				LD_RUNPATH_SEARCH_PATHS = "$(inherited) @executable_path/Frameworks";
				PRODUCT_NAME = "$(TARGET_NAME)";
				TARGETED_DEVICE_FAMILY = "1,2";
			};
			name = Release;
		};
		83FF51A91ADD7A37007B2A99 /* Debug */ = {
			isa = XCBuildConfiguration;
			buildSettings = {
				BUNDLE_LOADER = "$(TEST_HOST)";
				FRAMEWORK_SEARCH_PATHS = (
					"$(SDKROOT)/Developer/Library/Frameworks",
					"$(inherited)",
				);
				GCC_PREPROCESSOR_DEFINITIONS = (
					"DEBUG=1",
					"$(inherited)",
				);
				INFOPLIST_FILE = CCastanedaProject1Tests/Info.plist;
				LD_RUNPATH_SEARCH_PATHS = "$(inherited) @executable_path/Frameworks @loader_path/Frameworks";
				PRODUCT_NAME = "$(TARGET_NAME)";
				TEST_HOST = "$(BUILT_PRODUCTS_DIR)/CCastanedaProject1.app/CCastanedaProject1";
			};
			name = Debug;
		};
		83FF51AA1ADD7A37007B2A99 /* Release */ = {
			isa = XCBuildConfiguration;
			buildSettings = {
				BUNDLE_LOADER = "$(TEST_HOST)";
				FRAMEWORK_SEARCH_PATHS = (
					"$(SDKROOT)/Developer/Library/Frameworks",
					"$(inherited)",
				);
				INFOPLIST_FILE = CCastanedaProject1Tests/Info.plist;
				LD_RUNPATH_SEARCH_PATHS = "$(inherited) @executable_path/Frameworks @loader_path/Frameworks";
				PRODUCT_NAME = "$(TARGET_NAME)";
				TEST_HOST = "$(BUILT_PRODUCTS_DIR)/CCastanedaProject1.app/CCastanedaProject1";
			};
			name = Release;
		};
/* End XCBuildConfiguration section */

/* Begin XCConfigurationList section */
		83FF51811ADD7A37007B2A99 /* Build configuration list for PBXProject "CCastanedaProject1" */ = {
			isa = XCConfigurationList;
			buildConfigurations = (
				83FF51A31ADD7A37007B2A99 /* Debug */,
				83FF51A41ADD7A37007B2A99 /* Release */,
			);
			defaultConfigurationIsVisible = 0;
			defaultConfigurationName = Release;
		};
		83FF51A51ADD7A37007B2A99 /* Build configuration list for PBXNativeTarget "CCastanedaProject1" */ = {
			isa = XCConfigurationList;
			buildConfigurations = (
				83FF51A61ADD7A37007B2A99 /* Debug */,
				83FF51A71ADD7A37007B2A99 /* Release */,
			);
			defaultConfigurationIsVisible = 0;
			defaultConfigurationName = Release;
		};
		83FF51A81ADD7A37007B2A99 /* Build configuration list for PBXNativeTarget "CCastanedaProject1Tests" */ = {
			isa = XCConfigurationList;
			buildConfigurations = (
				83FF51A91ADD7A37007B2A99 /* Debug */,
				83FF51AA1ADD7A37007B2A99 /* Release */,
			);
			defaultConfigurationIsVisible = 0;
			defaultConfigurationName = Release;
		};
/* End XCConfigurationList section */
	};
	rootObject = 83FF517E1ADD7A37007B2A99 /* Project object */;
}
